{
  "requires": true,
  "lockfileVersion": 1,
  "dependencies": {
    "@angular/animations": {
      "version": "10.1.4",
      "resolved": "https://registry.npmjs.org/@angular/animations/-/animations-10.1.4.tgz",
      "integrity": "sha512-l6lSMUljph8orqZVB8Ej6qU1rk0vVCHqJBF7zobGuL47JMuY9+QaEWZ1CIgCishPo9PWq5Wvw/4QqPy9FE/gaw==",
      "requires": {
        "tslib": "^2.0.0"
      }
    },
    "@angular/cdk": {
      "version": "10.2.4",
      "resolved": "https://registry.npmjs.org/@angular/cdk/-/cdk-10.2.4.tgz",
      "integrity": "sha512-Ccm/iRb6zELWwMem6qTnFCalMVX/aS17hhN65efpNKrH3ovhyQSPWtF4p9IaEJ3rZpfXqXMPBneJ9ZXAA/iKog==",
      "requires": {
        "parse5": "^5.0.0",
        "tslib": "^2.0.0"
      }
    },
    "@angular/material": {
      "version": "10.2.4",
      "resolved": "https://registry.npmjs.org/@angular/material/-/material-10.2.4.tgz",
      "integrity": "sha512-m5pRzCZQlpb7BZrc+LV+eeMU9M76obWVbNy8or6gvBPa6awfbwOz8uBryIvVngdkhoIieqAu1iV4bG7b7Xp3sg==",
      "requires": {
        "tslib": "^2.0.0"
      }
    },
    "hammerjs": {
      "version": "2.0.8",
      "resolved": "https://registry.npmjs.org/hammerjs/-/hammerjs-2.0.8.tgz",
      "integrity": "sha1-BO93hiz/K7edMPdpIJWTAiK/YPE="
    },
    "parse5": {
      "version": "5.1.1",
      "resolved": "https://registry.npmjs.org/parse5/-/parse5-5.1.1.tgz",
      "integrity": "sha512-ugq4DFI0Ptb+WWjAdOK16+u/nHfiIrcE+sh8kZMaM0WllQKLI9rOUq6c2b7cwPkXdzfQESqvoqK6ug7U/Yyzug=="
    },
    "tslib": {
      "version": "2.0.1",
      "resolved": "https://registry.npmjs.org/tslib/-/tslib-2.0.1.tgz",
      "integrity": "sha512-SgIkNheinmEBgx1IUNirK0TUD4X9yjjBRTqqjggWCU3pUEqIk3/Uwl3yRixYKT6WjQuGiwDv4NomL3wqRCj+CQ=="
    }
  }
}
